
Microsoft Visual Studio Solution File, Format Version 12.00
# Visual Studio 15
VisualStudioVersion = 15.0.28307.168
MinimumVisualStudioVersion = 10.0.40219.1
Project("{FAE04EC0-301F-11D3-BF4B-00C04F79EFBC}") = "BreakingTheRecords", "BreakingTheRecords\BreakingTheRecords.csproj", "{BA30FFAB-A7F1-48A5-B782-31752FFBDBC3}"
EndProject
Global
	GlobalSection(SolutionConfigurationPlatforms) = preSolution
		Debug|Any CPU = Debug|Any CPU
		Release|Any CPU = Release|Any CPU
	EndGlobalSection
	GlobalSection(ProjectConfigurationPlatforms) = postSolution
		{BA30FFAB-A7F1-48A5-B782-31752FFBDBC3}.Debug|Any CPU.ActiveCfg = Debug|Any CPU
		{BA30FFAB-A7F1-48A5-B782-31752FFBDBC3}.Debug|Any CPU.Build.0 = Debug|Any CPU
		{BA30FFAB-A7F1-48A5-B782-31752FFBDBC3}.Release|Any CPU.ActiveCfg = Release|Any CPU
		{BA30FFAB-A7F1-48A5-B782-31752FFBDBC3}.Release|Any CPU.Build.0 = Release|Any CPU
	EndGlobalSection
	GlobalSection(SolutionProperties) = preSolution
		HideSolutionNode = FALSE
	EndGlobalSection
	GlobalSection(ExtensibilityGlobals) = postSolution
		SolutionGuid = {7B74F538-3C74-4FD7-8807-142EA6C3093C}
	EndGlobalSection
EndGlobal
