
Microsoft Visual Studio Solution File, Format Version 12.00
# Visual Studio 15
VisualStudioVersion = 15.0.27703.2000
MinimumVisualStudioVersion = 10.0.40219.1
Project("{FAE04EC0-301F-11D3-BF4B-00C04F79EFBC}") = "IsPrime", "IsPrime\IsPrime.csproj", "{7D864C48-ECA2-49E3-A0E6-46009CA7B5F6}"
EndProject
Global
	GlobalSection(SolutionConfigurationPlatforms) = preSolution
		Debug|Any CPU = Debug|Any CPU
		Release|Any CPU = Release|Any CPU
	EndGlobalSection
	GlobalSection(ProjectConfigurationPlatforms) = postSolution
		{7D864C48-ECA2-49E3-A0E6-46009CA7B5F6}.Debug|Any CPU.ActiveCfg = Debug|Any CPU
		{7D864C48-ECA2-49E3-A0E6-46009CA7B5F6}.Debug|Any CPU.Build.0 = Debug|Any CPU
		{7D864C48-ECA2-49E3-A0E6-46009CA7B5F6}.Release|Any CPU.ActiveCfg = Release|Any CPU
		{7D864C48-ECA2-49E3-A0E6-46009CA7B5F6}.Release|Any CPU.Build.0 = Release|Any CPU
	EndGlobalSection
	GlobalSection(SolutionProperties) = preSolution
		HideSolutionNode = FALSE
	EndGlobalSection
	GlobalSection(ExtensibilityGlobals) = postSolution
		SolutionGuid = {E650502E-CF70-4BB4-8AD9-D17FA328C942}
	EndGlobalSection
EndGlobal
