
Microsoft Visual Studio Solution File, Format Version 12.00
# Visual Studio 15
VisualStudioVersion = 15.0.27703.2000
MinimumVisualStudioVersion = 10.0.40219.1
Project("{FAE04EC0-301F-11D3-BF4B-00C04F79EFBC}") = "StairCase", "StairCase\StairCase.csproj", "{29DD6C89-6EB7-4617-813E-0497AFFFE628}"
EndProject
Global
	GlobalSection(SolutionConfigurationPlatforms) = preSolution
		Debug|Any CPU = Debug|Any CPU
		Release|Any CPU = Release|Any CPU
	EndGlobalSection
	GlobalSection(ProjectConfigurationPlatforms) = postSolution
		{29DD6C89-6EB7-4617-813E-0497AFFFE628}.Debug|Any CPU.ActiveCfg = Debug|Any CPU
		{29DD6C89-6EB7-4617-813E-0497AFFFE628}.Debug|Any CPU.Build.0 = Debug|Any CPU
		{29DD6C89-6EB7-4617-813E-0497AFFFE628}.Release|Any CPU.ActiveCfg = Release|Any CPU
		{29DD6C89-6EB7-4617-813E-0497AFFFE628}.Release|Any CPU.Build.0 = Release|Any CPU
	EndGlobalSection
	GlobalSection(SolutionProperties) = preSolution
		HideSolutionNode = FALSE
	EndGlobalSection
	GlobalSection(ExtensibilityGlobals) = postSolution
		SolutionGuid = {FA03FCCD-335E-4FE5-97E6-C9BA5465C09A}
	EndGlobalSection
EndGlobal
