
Microsoft Visual Studio Solution File, Format Version 12.00
# Visual Studio 15
VisualStudioVersion = 15.0.28307.168
MinimumVisualStudioVersion = 10.0.40219.1
Project("{FAE04EC0-301F-11D3-BF4B-00C04F79EFBC}") = "RunTimePractice", "RunTimePractice\RunTimePractice.csproj", "{D848ECD2-8E04-46D7-AE2E-24E6E7E0E4FF}"
EndProject
Global
	GlobalSection(SolutionConfigurationPlatforms) = preSolution
		Debug|Any CPU = Debug|Any CPU
		Release|Any CPU = Release|Any CPU
	EndGlobalSection
	GlobalSection(ProjectConfigurationPlatforms) = postSolution
		{D848ECD2-8E04-46D7-AE2E-24E6E7E0E4FF}.Debug|Any CPU.ActiveCfg = Debug|Any CPU
		{D848ECD2-8E04-46D7-AE2E-24E6E7E0E4FF}.Debug|Any CPU.Build.0 = Debug|Any CPU
		{D848ECD2-8E04-46D7-AE2E-24E6E7E0E4FF}.Release|Any CPU.ActiveCfg = Release|Any CPU
		{D848ECD2-8E04-46D7-AE2E-24E6E7E0E4FF}.Release|Any CPU.Build.0 = Release|Any CPU
	EndGlobalSection
	GlobalSection(SolutionProperties) = preSolution
		HideSolutionNode = FALSE
	EndGlobalSection
	GlobalSection(ExtensibilityGlobals) = postSolution
		SolutionGuid = {6FD71E22-94B4-4FA3-8575-DDF18EC90A2E}
	EndGlobalSection
EndGlobal
