
Microsoft Visual Studio Solution File, Format Version 12.00
# Visual Studio 15
VisualStudioVersion = 15.0.28307.168
MinimumVisualStudioVersion = 10.0.40219.1
Project("{FAE04EC0-301F-11D3-BF4B-00C04F79EFBC}") = "MakigAnagrams", "MakigAnagrams\MakigAnagrams.csproj", "{DB4BE712-7938-4CEB-9119-8B9466DD6714}"
EndProject
Global
	GlobalSection(SolutionConfigurationPlatforms) = preSolution
		Debug|Any CPU = Debug|Any CPU
		Release|Any CPU = Release|Any CPU
	EndGlobalSection
	GlobalSection(ProjectConfigurationPlatforms) = postSolution
		{DB4BE712-7938-4CEB-9119-8B9466DD6714}.Debug|Any CPU.ActiveCfg = Debug|Any CPU
		{DB4BE712-7938-4CEB-9119-8B9466DD6714}.Debug|Any CPU.Build.0 = Debug|Any CPU
		{DB4BE712-7938-4CEB-9119-8B9466DD6714}.Release|Any CPU.ActiveCfg = Release|Any CPU
		{DB4BE712-7938-4CEB-9119-8B9466DD6714}.Release|Any CPU.Build.0 = Release|Any CPU
	EndGlobalSection
	GlobalSection(SolutionProperties) = preSolution
		HideSolutionNode = FALSE
	EndGlobalSection
	GlobalSection(ExtensibilityGlobals) = postSolution
		SolutionGuid = {05AEC6E8-0509-471D-AD77-BE52D699BC4B}
	EndGlobalSection
EndGlobal
