
Microsoft Visual Studio Solution File, Format Version 12.00
# Visual Studio 15
VisualStudioVersion = 15.0.28307.168
MinimumVisualStudioVersion = 10.0.40219.1
Project("{FAE04EC0-301F-11D3-BF4B-00C04F79EFBC}") = "NumberGuessingGame", "NumberGuessingGame\NumberGuessingGame.csproj", "{C67DF859-0BEB-42B7-944D-ED5C7A745AC6}"
EndProject
Global
	GlobalSection(SolutionConfigurationPlatforms) = preSolution
		Debug|Any CPU = Debug|Any CPU
		Release|Any CPU = Release|Any CPU
	EndGlobalSection
	GlobalSection(ProjectConfigurationPlatforms) = postSolution
		{C67DF859-0BEB-42B7-944D-ED5C7A745AC6}.Debug|Any CPU.ActiveCfg = Debug|Any CPU
		{C67DF859-0BEB-42B7-944D-ED5C7A745AC6}.Debug|Any CPU.Build.0 = Debug|Any CPU
		{C67DF859-0BEB-42B7-944D-ED5C7A745AC6}.Release|Any CPU.ActiveCfg = Release|Any CPU
		{C67DF859-0BEB-42B7-944D-ED5C7A745AC6}.Release|Any CPU.Build.0 = Release|Any CPU
	EndGlobalSection
	GlobalSection(SolutionProperties) = preSolution
		HideSolutionNode = FALSE
	EndGlobalSection
	GlobalSection(ExtensibilityGlobals) = postSolution
		SolutionGuid = {87E710BF-6A1E-43CB-BBF2-C0B2D63EA17A}
	EndGlobalSection
EndGlobal
