
Microsoft Visual Studio Solution File, Format Version 12.00
# Visual Studio 15
VisualStudioVersion = 15.0.28307.168
MinimumVisualStudioVersion = 10.0.40219.1
Project("{FAE04EC0-301F-11D3-BF4B-00C04F79EFBC}") = "FirstIndexOf", "FirstIndexOf\FirstIndexOf.csproj", "{3FFD8ED0-DE16-4236-ACC3-5E9EB385824B}"
EndProject
Global
	GlobalSection(SolutionConfigurationPlatforms) = preSolution
		Debug|Any CPU = Debug|Any CPU
		Release|Any CPU = Release|Any CPU
	EndGlobalSection
	GlobalSection(ProjectConfigurationPlatforms) = postSolution
		{3FFD8ED0-DE16-4236-ACC3-5E9EB385824B}.Debug|Any CPU.ActiveCfg = Debug|Any CPU
		{3FFD8ED0-DE16-4236-ACC3-5E9EB385824B}.Debug|Any CPU.Build.0 = Debug|Any CPU
		{3FFD8ED0-DE16-4236-ACC3-5E9EB385824B}.Release|Any CPU.ActiveCfg = Release|Any CPU
		{3FFD8ED0-DE16-4236-ACC3-5E9EB385824B}.Release|Any CPU.Build.0 = Release|Any CPU
	EndGlobalSection
	GlobalSection(SolutionProperties) = preSolution
		HideSolutionNode = FALSE
	EndGlobalSection
	GlobalSection(ExtensibilityGlobals) = postSolution
		SolutionGuid = {C09F12C7-5AF7-4501-BC8E-1B7BD1D34CFC}
	EndGlobalSection
EndGlobal
