
Microsoft Visual Studio Solution File, Format Version 12.00
# Visual Studio 15
VisualStudioVersion = 15.0.28307.168
MinimumVisualStudioVersion = 10.0.40219.1
Project("{FAE04EC0-301F-11D3-BF4B-00C04F79EFBC}") = "calcMedianOfNumbersInArray", "calcMedianOfNumbersInArray\calcMedianOfNumbersInArray.csproj", "{4878CF85-AFEF-45ED-B1B3-3AEA9E104DFD}"
EndProject
Global
	GlobalSection(SolutionConfigurationPlatforms) = preSolution
		Debug|Any CPU = Debug|Any CPU
		Release|Any CPU = Release|Any CPU
	EndGlobalSection
	GlobalSection(ProjectConfigurationPlatforms) = postSolution
		{4878CF85-AFEF-45ED-B1B3-3AEA9E104DFD}.Debug|Any CPU.ActiveCfg = Debug|Any CPU
		{4878CF85-AFEF-45ED-B1B3-3AEA9E104DFD}.Debug|Any CPU.Build.0 = Debug|Any CPU
		{4878CF85-AFEF-45ED-B1B3-3AEA9E104DFD}.Release|Any CPU.ActiveCfg = Release|Any CPU
		{4878CF85-AFEF-45ED-B1B3-3AEA9E104DFD}.Release|Any CPU.Build.0 = Release|Any CPU
	EndGlobalSection
	GlobalSection(SolutionProperties) = preSolution
		HideSolutionNode = FALSE
	EndGlobalSection
	GlobalSection(ExtensibilityGlobals) = postSolution
		SolutionGuid = {5822F23B-E754-49CD-8911-2EBEAE03C830}
	EndGlobalSection
EndGlobal
