
Microsoft Visual Studio Solution File, Format Version 12.00
# Visual Studio 15
VisualStudioVersion = 15.0.28307.168
MinimumVisualStudioVersion = 10.0.40219.1
Project("{FAE04EC0-301F-11D3-BF4B-00C04F79EFBC}") = "ArrayCopyFunction", "ArrayCopyFunction\ArrayCopyFunction.csproj", "{F43F4149-AF4C-409F-BAC3-A8F2F62AE846}"
EndProject
Global
	GlobalSection(SolutionConfigurationPlatforms) = preSolution
		Debug|Any CPU = Debug|Any CPU
		Release|Any CPU = Release|Any CPU
	EndGlobalSection
	GlobalSection(ProjectConfigurationPlatforms) = postSolution
		{F43F4149-AF4C-409F-BAC3-A8F2F62AE846}.Debug|Any CPU.ActiveCfg = Debug|Any CPU
		{F43F4149-AF4C-409F-BAC3-A8F2F62AE846}.Debug|Any CPU.Build.0 = Debug|Any CPU
		{F43F4149-AF4C-409F-BAC3-A8F2F62AE846}.Release|Any CPU.ActiveCfg = Release|Any CPU
		{F43F4149-AF4C-409F-BAC3-A8F2F62AE846}.Release|Any CPU.Build.0 = Release|Any CPU
	EndGlobalSection
	GlobalSection(SolutionProperties) = preSolution
		HideSolutionNode = FALSE
	EndGlobalSection
	GlobalSection(ExtensibilityGlobals) = postSolution
		SolutionGuid = {0052FB8F-2100-43C7-B668-F9CF4AC34F2F}
	EndGlobalSection
EndGlobal
