
Microsoft Visual Studio Solution File, Format Version 12.00
# Visual Studio 15
VisualStudioVersion = 15.0.28307.168
MinimumVisualStudioVersion = 10.0.40219.1
Project("{FAE04EC0-301F-11D3-BF4B-00C04F79EFBC}") = "PrintElementsOfLinkedList", "PrintElementsOfLinkedList\PrintElementsOfLinkedList.csproj", "{AD61A59F-9726-45F7-94FA-1791F4A0C2F4}"
EndProject
Global
	GlobalSection(SolutionConfigurationPlatforms) = preSolution
		Debug|Any CPU = Debug|Any CPU
		Release|Any CPU = Release|Any CPU
	EndGlobalSection
	GlobalSection(ProjectConfigurationPlatforms) = postSolution
		{AD61A59F-9726-45F7-94FA-1791F4A0C2F4}.Debug|Any CPU.ActiveCfg = Debug|Any CPU
		{AD61A59F-9726-45F7-94FA-1791F4A0C2F4}.Debug|Any CPU.Build.0 = Debug|Any CPU
		{AD61A59F-9726-45F7-94FA-1791F4A0C2F4}.Release|Any CPU.ActiveCfg = Release|Any CPU
		{AD61A59F-9726-45F7-94FA-1791F4A0C2F4}.Release|Any CPU.Build.0 = Release|Any CPU
	EndGlobalSection
	GlobalSection(SolutionProperties) = preSolution
		HideSolutionNode = FALSE
	EndGlobalSection
	GlobalSection(ExtensibilityGlobals) = postSolution
		SolutionGuid = {1AD2A41F-9301-4C6D-B824-64880C0E0772}
	EndGlobalSection
EndGlobal
