
Microsoft Visual Studio Solution File, Format Version 12.00
# Visual Studio 15
VisualStudioVersion = 15.0.28307.168
MinimumVisualStudioVersion = 10.0.40219.1
Project("{FAE04EC0-301F-11D3-BF4B-00C04F79EFBC}") = "genericExample", "genericExample\genericExample.csproj", "{72CC8C82-6747-4D85-BFAD-94D64BB4BAE2}"
EndProject
Global
	GlobalSection(SolutionConfigurationPlatforms) = preSolution
		Debug|Any CPU = Debug|Any CPU
		Release|Any CPU = Release|Any CPU
	EndGlobalSection
	GlobalSection(ProjectConfigurationPlatforms) = postSolution
		{72CC8C82-6747-4D85-BFAD-94D64BB4BAE2}.Debug|Any CPU.ActiveCfg = Debug|Any CPU
		{72CC8C82-6747-4D85-BFAD-94D64BB4BAE2}.Debug|Any CPU.Build.0 = Debug|Any CPU
		{72CC8C82-6747-4D85-BFAD-94D64BB4BAE2}.Release|Any CPU.ActiveCfg = Release|Any CPU
		{72CC8C82-6747-4D85-BFAD-94D64BB4BAE2}.Release|Any CPU.Build.0 = Release|Any CPU
	EndGlobalSection
	GlobalSection(SolutionProperties) = preSolution
		HideSolutionNode = FALSE
	EndGlobalSection
	GlobalSection(ExtensibilityGlobals) = postSolution
		SolutionGuid = {1F33AB29-86EE-4F94-BF04-B41A9207EB46}
	EndGlobalSection
EndGlobal
