
Microsoft Visual Studio Solution File, Format Version 12.00
# Visual Studio 15
VisualStudioVersion = 15.0.28307.168
MinimumVisualStudioVersion = 10.0.40219.1
Project("{FAE04EC0-301F-11D3-BF4B-00C04F79EFBC}") = "RecursionEx", "RecursionEx\RecursionEx.csproj", "{65B89744-0A9D-4287-900C-9BE3A6A8863F}"
EndProject
Global
	GlobalSection(SolutionConfigurationPlatforms) = preSolution
		Debug|Any CPU = Debug|Any CPU
		Release|Any CPU = Release|Any CPU
	EndGlobalSection
	GlobalSection(ProjectConfigurationPlatforms) = postSolution
		{65B89744-0A9D-4287-900C-9BE3A6A8863F}.Debug|Any CPU.ActiveCfg = Debug|Any CPU
		{65B89744-0A9D-4287-900C-9BE3A6A8863F}.Debug|Any CPU.Build.0 = Debug|Any CPU
		{65B89744-0A9D-4287-900C-9BE3A6A8863F}.Release|Any CPU.ActiveCfg = Release|Any CPU
		{65B89744-0A9D-4287-900C-9BE3A6A8863F}.Release|Any CPU.Build.0 = Release|Any CPU
	EndGlobalSection
	GlobalSection(SolutionProperties) = preSolution
		HideSolutionNode = FALSE
	EndGlobalSection
	GlobalSection(ExtensibilityGlobals) = postSolution
		SolutionGuid = {06E5DE99-C498-4F2A-A569-174B4AA8C6AD}
	EndGlobalSection
EndGlobal
