
Microsoft Visual Studio Solution File, Format Version 12.00
# Visual Studio 15
VisualStudioVersion = 15.0.28307.168
MinimumVisualStudioVersion = 10.0.40219.1
Project("{FAE04EC0-301F-11D3-BF4B-00C04F79EFBC}") = "InsertNodeAtHeadOfLinkedList", "InsertNodeAtHeadOfLinkedList\InsertNodeAtHeadOfLinkedList.csproj", "{3042311E-258E-4EEB-B856-B3EF75B7D994}"
EndProject
Global
	GlobalSection(SolutionConfigurationPlatforms) = preSolution
		Debug|Any CPU = Debug|Any CPU
		Release|Any CPU = Release|Any CPU
	EndGlobalSection
	GlobalSection(ProjectConfigurationPlatforms) = postSolution
		{3042311E-258E-4EEB-B856-B3EF75B7D994}.Debug|Any CPU.ActiveCfg = Debug|Any CPU
		{3042311E-258E-4EEB-B856-B3EF75B7D994}.Debug|Any CPU.Build.0 = Debug|Any CPU
		{3042311E-258E-4EEB-B856-B3EF75B7D994}.Release|Any CPU.ActiveCfg = Release|Any CPU
		{3042311E-258E-4EEB-B856-B3EF75B7D994}.Release|Any CPU.Build.0 = Release|Any CPU
	EndGlobalSection
	GlobalSection(SolutionProperties) = preSolution
		HideSolutionNode = FALSE
	EndGlobalSection
	GlobalSection(ExtensibilityGlobals) = postSolution
		SolutionGuid = {38E6FFFF-B10B-440B-9251-5DDC2F4CE029}
	EndGlobalSection
EndGlobal
